
Microsoft Visual Studio Solution File, Format Version 12.00
# Visual Studio Version 16
VisualStudioVersion = 16.0.31129.286
MinimumVisualStudioVersion = 10.0.40219.1
Project("{8BC9CEB8-8B4A-11D0-8D11-00A0C91BC942}") = "_23Operators", "_23Operators\_23Operators.vcxproj", "{F8D26511-C61B-4849-AF7C-A1B730591321}"
EndProject
Project("{8BC9CEB8-8B4A-11D0-8D11-00A0C91BC942}") = "_24SmartPointers", "_24SmartPointers\_24SmartPointers.vcxproj", "{952996C3-5299-4F2E-86A7-EBCA2B7858BF}"
EndProject
Project("{8BC9CEB8-8B4A-11D0-8D11-00A0C91BC942}") = "_25CopyConstructors", "_25CopyConstructors\_25CopyConstructors.vcxproj", "{D94496DD-7F35-4244-88E3-6BF350CD50B8}"
EndProject
Project("{8BC9CEB8-8B4A-11D0-8D11-00A0C91BC942}") = "_26ArrowOperator", "_26ArrowOperator\_26ArrowOperator.vcxproj", "{D8DE1CD3-ADB3-4DF1-B35C-5FA71D01E796}"
EndProject
Project("{8BC9CEB8-8B4A-11D0-8D11-00A0C91BC942}") = "_27DynamicArrays", "_27DynamicArrays\_27DynamicArrays.vcxproj", "{E9863C9C-E163-4138-8A89-F94CDCBD10CB}"
EndProject
Project("{8BC9CEB8-8B4A-11D0-8D11-00A0C91BC942}") = "_06PointersCherno", "_06PointersCherno\_06PointersCherno.vcxproj", "{D28CB47D-F158-422F-82EA-9535862D75B0}"
EndProject
Project("{8BC9CEB8-8B4A-11D0-8D11-00A0C91BC942}") = "_07References", "_07References\_07References.vcxproj", "{A2E8A947-46EB-4D96-9489-C36F33F744C2}"
EndProject
Project("{8BC9CEB8-8B4A-11D0-8D11-00A0C91BC942}") = "_08Classes", "_08Classes\_08Classes.vcxproj", "{240C39EA-1AD3-4604-9C8D-B020B5848140}"
EndProject
Project("{8BC9CEB8-8B4A-11D0-8D11-00A0C91BC942}") = "_09Static", "_09Static\_09Static.vcxproj", "{623B8071-9B1A-441D-BB32-96ACFC174A06}"
EndProject
Project("{8BC9CEB8-8B4A-11D0-8D11-00A0C91BC942}") = "_10ContructorDestructor", "_10AdvancedClasses\_10AdvancedClasses.vcxproj", "{7306F770-958A-4C39-8609-CCECDA4A8B43}"
EndProject
Project("{8BC9CEB8-8B4A-11D0-8D11-00A0C91BC942}") = "_12VirtualFunctions", "_12VirtualFunctions\_12VirtualFunctions.vcxproj", "{BB47DB00-BB49-41E9-8CAB-4A70D3135A9F}"
EndProject
Project("{8BC9CEB8-8B4A-11D0-8D11-00A0C91BC942}") = "_13Interfaces", "_13Interfaces\_13Interfaces.vcxproj", "{64ABBDD7-B2A1-42EC-BD46-25C655C24C21}"
EndProject
Project("{8BC9CEB8-8B4A-11D0-8D11-00A0C91BC942}") = "_14Arrays", "_14Arrays\_14Arrays.vcxproj", "{17F42D80-6BB4-4995-B031-922EF4B901ED}"
EndProject
Project("{8BC9CEB8-8B4A-11D0-8D11-00A0C91BC942}") = "_16StringLiterals", "_16StringLiterals\_16StringLiterals.vcxproj", "{4DBE2E0E-BC27-4BCD-8698-3A2BC2737134}"
EndProject
Project("{8BC9CEB8-8B4A-11D0-8D11-00A0C91BC942}") = "_17Const", "_17Const\_17Const.vcxproj", "{BEF50C14-7EE0-419E-AE4B-53FCB3323358}"
EndProject
Project("{8BC9CEB8-8B4A-11D0-8D11-00A0C91BC942}") = "_18MemberInitializerLists", "_18MemberInitializerLists\_18MemberInitializerLists.vcxproj", "{C323B0CF-3777-4E18-AE04-AF7D41EF4D1C}"
EndProject
Project("{8BC9CEB8-8B4A-11D0-8D11-00A0C91BC942}") = "_19TernaryOperator", "_19TernaryOperator\_19TernaryOperator.vcxproj", "{1F6BDCE0-94A3-4686-BB3C-C25959402C21}"
EndProject
Project("{8BC9CEB8-8B4A-11D0-8D11-00A0C91BC942}") = "_20CreateInstantiateObject", "_20CreateInstantiateObject\_20CreateInstantiateObject.vcxproj", "{C1D1A749-25EC-4113-8D38-2882705405A8}"
EndProject
Project("{8BC9CEB8-8B4A-11D0-8D11-00A0C91BC942}") = "_21NewKeyword", "_21NewKeyword\_21NewKeyword.vcxproj", "{A57315FF-05A7-4E9E-8794-13C295D13A9C}"
EndProject
Project("{8BC9CEB8-8B4A-11D0-8D11-00A0C91BC942}") = "_22ImplicitExplicitKeyword", "_22ImplicitExplicitKeyword\_22ImplicitExplicitKeyword.vcxproj", "{AF11B597-06E3-4019-A235-521A96D5F0A5}"
EndProject
Project("{8BC9CEB8-8B4A-11D0-8D11-00A0C91BC942}") = "_28OptimalVector", "_28OptimalVector\_28OptimalVector.vcxproj", "{92D8339E-8F2C-4067-8DF3-7D3483433749}"
EndProject
Project("{8BC9CEB8-8B4A-11D0-8D11-00A0C91BC942}") = "_29Libraries", "_29Libraries\_29Libraries.vcxproj", "{7F4558EF-ED12-449A-B253-53598918A675}"
EndProject
Project("{8BC9CEB8-8B4A-11D0-8D11-00A0C91BC942}") = "_31Templates", "_31Templates\_33Templates.vcxproj", "{37A05DED-3B52-4FD4-AF78-DB1A63F779FB}"
EndProject
Project("{8BC9CEB8-8B4A-11D0-8D11-00A0C91BC942}") = "_30Game", "_30MultipleVSProjects\Game\Game.vcxproj", "{5A6651D6-D1B7-4860-829D-01BC14E74BFD}"
EndProject
Project("{8BC9CEB8-8B4A-11D0-8D11-00A0C91BC942}") = "_32StackHeap", "_32StackHeap\_32StackHeap.vcxproj", "{39380B3E-2F98-49C1-ACB1-E8C959069A7D}"
EndProject
Project("{8BC9CEB8-8B4A-11D0-8D11-00A0C91BC942}") = "_33Macros", "_33Macros\_33Macros.vcxproj", "{A472DA6F-90C5-4D8E-AD05-393A05A27D6D}"
EndProject
Project("{8BC9CEB8-8B4A-11D0-8D11-00A0C91BC942}") = "_35StaticArrays", "_35StaticArrays\_35StaticArrays.vcxproj", "{B3EEBE37-E19A-4848-8E1F-44513578F59D}"
EndProject
Project("{8BC9CEB8-8B4A-11D0-8D11-00A0C91BC942}") = "_34Auto", "_34Auto\_34Auto.vcxproj", "{FED30DE4-9283-46CF-888D-7B05D22B29DD}"
EndProject
Project("{8BC9CEB8-8B4A-11D0-8D11-00A0C91BC942}") = "_36FunctionPointers", "_36FunctionPointers\_36FunctionPointers.vcxproj", "{6FBD5090-51F8-4027-81D6-915BFFEC45B1}"
EndProject
Project("{8BC9CEB8-8B4A-11D0-8D11-00A0C91BC942}") = "_37LambdaFunctions", "_37LambdaFunctions\_37LambdaFunctions.vcxproj", "{BA996C63-8332-4B0B-A2BF-A5D513238104}"
EndProject
Project("{8BC9CEB8-8B4A-11D0-8D11-00A0C91BC942}") = "_38Namespaces", "_38Namespaces\_38Namespaces.vcxproj", "{8F4FAE05-7140-4B55-B4E9-DB222A710265}"
EndProject
Project("{8BC9CEB8-8B4A-11D0-8D11-00A0C91BC942}") = "_39Threads", "_39Threads\_39Threads.vcxproj", "{C160AB2C-13D9-400A-BD0E-337C2297B32D}"
EndProject
Global
	GlobalSection(SolutionConfigurationPlatforms) = preSolution
		Debug|x64 = Debug|x64
		Debug|x86 = Debug|x86
		Release|x64 = Release|x64
		Release|x86 = Release|x86
	EndGlobalSection
	GlobalSection(ProjectConfigurationPlatforms) = postSolution
		{F8D26511-C61B-4849-AF7C-A1B730591321}.Debug|x64.ActiveCfg = Debug|x64
		{F8D26511-C61B-4849-AF7C-A1B730591321}.Debug|x64.Build.0 = Debug|x64
		{F8D26511-C61B-4849-AF7C-A1B730591321}.Debug|x86.ActiveCfg = Debug|Win32
		{F8D26511-C61B-4849-AF7C-A1B730591321}.Debug|x86.Build.0 = Debug|Win32
		{F8D26511-C61B-4849-AF7C-A1B730591321}.Release|x64.ActiveCfg = Release|x64
		{F8D26511-C61B-4849-AF7C-A1B730591321}.Release|x64.Build.0 = Release|x64
		{F8D26511-C61B-4849-AF7C-A1B730591321}.Release|x86.ActiveCfg = Release|Win32
		{F8D26511-C61B-4849-AF7C-A1B730591321}.Release|x86.Build.0 = Release|Win32
		{952996C3-5299-4F2E-86A7-EBCA2B7858BF}.Debug|x64.ActiveCfg = Debug|x64
		{952996C3-5299-4F2E-86A7-EBCA2B7858BF}.Debug|x64.Build.0 = Debug|x64
		{952996C3-5299-4F2E-86A7-EBCA2B7858BF}.Debug|x86.ActiveCfg = Debug|Win32
		{952996C3-5299-4F2E-86A7-EBCA2B7858BF}.Debug|x86.Build.0 = Debug|Win32
		{952996C3-5299-4F2E-86A7-EBCA2B7858BF}.Release|x64.ActiveCfg = Release|x64
		{952996C3-5299-4F2E-86A7-EBCA2B7858BF}.Release|x64.Build.0 = Release|x64
		{952996C3-5299-4F2E-86A7-EBCA2B7858BF}.Release|x86.ActiveCfg = Release|Win32
		{952996C3-5299-4F2E-86A7-EBCA2B7858BF}.Release|x86.Build.0 = Release|Win32
		{D94496DD-7F35-4244-88E3-6BF350CD50B8}.Debug|x64.ActiveCfg = Debug|x64
		{D94496DD-7F35-4244-88E3-6BF350CD50B8}.Debug|x64.Build.0 = Debug|x64
		{D94496DD-7F35-4244-88E3-6BF350CD50B8}.Debug|x86.ActiveCfg = Debug|Win32
		{D94496DD-7F35-4244-88E3-6BF350CD50B8}.Debug|x86.Build.0 = Debug|Win32
		{D94496DD-7F35-4244-88E3-6BF350CD50B8}.Release|x64.ActiveCfg = Release|x64
		{D94496DD-7F35-4244-88E3-6BF350CD50B8}.Release|x64.Build.0 = Release|x64
		{D94496DD-7F35-4244-88E3-6BF350CD50B8}.Release|x86.ActiveCfg = Release|Win32
		{D94496DD-7F35-4244-88E3-6BF350CD50B8}.Release|x86.Build.0 = Release|Win32
		{D8DE1CD3-ADB3-4DF1-B35C-5FA71D01E796}.Debug|x64.ActiveCfg = Debug|x64
		{D8DE1CD3-ADB3-4DF1-B35C-5FA71D01E796}.Debug|x64.Build.0 = Debug|x64
		{D8DE1CD3-ADB3-4DF1-B35C-5FA71D01E796}.Debug|x86.ActiveCfg = Debug|Win32
		{D8DE1CD3-ADB3-4DF1-B35C-5FA71D01E796}.Debug|x86.Build.0 = Debug|Win32
		{D8DE1CD3-ADB3-4DF1-B35C-5FA71D01E796}.Release|x64.ActiveCfg = Release|x64
		{D8DE1CD3-ADB3-4DF1-B35C-5FA71D01E796}.Release|x64.Build.0 = Release|x64
		{D8DE1CD3-ADB3-4DF1-B35C-5FA71D01E796}.Release|x86.ActiveCfg = Release|Win32
		{D8DE1CD3-ADB3-4DF1-B35C-5FA71D01E796}.Release|x86.Build.0 = Release|Win32
		{E9863C9C-E163-4138-8A89-F94CDCBD10CB}.Debug|x64.ActiveCfg = Debug|x64
		{E9863C9C-E163-4138-8A89-F94CDCBD10CB}.Debug|x64.Build.0 = Debug|x64
		{E9863C9C-E163-4138-8A89-F94CDCBD10CB}.Debug|x86.ActiveCfg = Debug|Win32
		{E9863C9C-E163-4138-8A89-F94CDCBD10CB}.Debug|x86.Build.0 = Debug|Win32
		{E9863C9C-E163-4138-8A89-F94CDCBD10CB}.Release|x64.ActiveCfg = Release|x64
		{E9863C9C-E163-4138-8A89-F94CDCBD10CB}.Release|x64.Build.0 = Release|x64
		{E9863C9C-E163-4138-8A89-F94CDCBD10CB}.Release|x86.ActiveCfg = Release|Win32
		{E9863C9C-E163-4138-8A89-F94CDCBD10CB}.Release|x86.Build.0 = Release|Win32
		{D28CB47D-F158-422F-82EA-9535862D75B0}.Debug|x64.ActiveCfg = Debug|x64
		{D28CB47D-F158-422F-82EA-9535862D75B0}.Debug|x64.Build.0 = Debug|x64
		{D28CB47D-F158-422F-82EA-9535862D75B0}.Debug|x86.ActiveCfg = Debug|Win32
		{D28CB47D-F158-422F-82EA-9535862D75B0}.Debug|x86.Build.0 = Debug|Win32
		{D28CB47D-F158-422F-82EA-9535862D75B0}.Release|x64.ActiveCfg = Release|x64
		{D28CB47D-F158-422F-82EA-9535862D75B0}.Release|x64.Build.0 = Release|x64
		{D28CB47D-F158-422F-82EA-9535862D75B0}.Release|x86.ActiveCfg = Release|Win32
		{D28CB47D-F158-422F-82EA-9535862D75B0}.Release|x86.Build.0 = Release|Win32
		{A2E8A947-46EB-4D96-9489-C36F33F744C2}.Debug|x64.ActiveCfg = Debug|x64
		{A2E8A947-46EB-4D96-9489-C36F33F744C2}.Debug|x64.Build.0 = Debug|x64
		{A2E8A947-46EB-4D96-9489-C36F33F744C2}.Debug|x86.ActiveCfg = Debug|Win32
		{A2E8A947-46EB-4D96-9489-C36F33F744C2}.Debug|x86.Build.0 = Debug|Win32
		{A2E8A947-46EB-4D96-9489-C36F33F744C2}.Release|x64.ActiveCfg = Release|x64
		{A2E8A947-46EB-4D96-9489-C36F33F744C2}.Release|x64.Build.0 = Release|x64
		{A2E8A947-46EB-4D96-9489-C36F33F744C2}.Release|x86.ActiveCfg = Release|Win32
		{A2E8A947-46EB-4D96-9489-C36F33F744C2}.Release|x86.Build.0 = Release|Win32
		{240C39EA-1AD3-4604-9C8D-B020B5848140}.Debug|x64.ActiveCfg = Debug|x64
		{240C39EA-1AD3-4604-9C8D-B020B5848140}.Debug|x64.Build.0 = Debug|x64
		{240C39EA-1AD3-4604-9C8D-B020B5848140}.Debug|x86.ActiveCfg = Debug|Win32
		{240C39EA-1AD3-4604-9C8D-B020B5848140}.Debug|x86.Build.0 = Debug|Win32
		{240C39EA-1AD3-4604-9C8D-B020B5848140}.Release|x64.ActiveCfg = Release|x64
		{240C39EA-1AD3-4604-9C8D-B020B5848140}.Release|x64.Build.0 = Release|x64
		{240C39EA-1AD3-4604-9C8D-B020B5848140}.Release|x86.ActiveCfg = Release|Win32
		{240C39EA-1AD3-4604-9C8D-B020B5848140}.Release|x86.Build.0 = Release|Win32
		{623B8071-9B1A-441D-BB32-96ACFC174A06}.Debug|x64.ActiveCfg = Debug|x64
		{623B8071-9B1A-441D-BB32-96ACFC174A06}.Debug|x64.Build.0 = Debug|x64
		{623B8071-9B1A-441D-BB32-96ACFC174A06}.Debug|x86.ActiveCfg = Debug|Win32
		{623B8071-9B1A-441D-BB32-96ACFC174A06}.Debug|x86.Build.0 = Debug|Win32
		{623B8071-9B1A-441D-BB32-96ACFC174A06}.Release|x64.ActiveCfg = Release|x64
		{623B8071-9B1A-441D-BB32-96ACFC174A06}.Release|x64.Build.0 = Release|x64
		{623B8071-9B1A-441D-BB32-96ACFC174A06}.Release|x86.ActiveCfg = Release|Win32
		{623B8071-9B1A-441D-BB32-96ACFC174A06}.Release|x86.Build.0 = Release|Win32
		{7306F770-958A-4C39-8609-CCECDA4A8B43}.Debug|x64.ActiveCfg = Debug|x64
		{7306F770-958A-4C39-8609-CCECDA4A8B43}.Debug|x64.Build.0 = Debug|x64
		{7306F770-958A-4C39-8609-CCECDA4A8B43}.Debug|x86.ActiveCfg = Debug|Win32
		{7306F770-958A-4C39-8609-CCECDA4A8B43}.Debug|x86.Build.0 = Debug|Win32
		{7306F770-958A-4C39-8609-CCECDA4A8B43}.Release|x64.ActiveCfg = Release|x64
		{7306F770-958A-4C39-8609-CCECDA4A8B43}.Release|x64.Build.0 = Release|x64
		{7306F770-958A-4C39-8609-CCECDA4A8B43}.Release|x86.ActiveCfg = Release|Win32
		{7306F770-958A-4C39-8609-CCECDA4A8B43}.Release|x86.Build.0 = Release|Win32
		{BB47DB00-BB49-41E9-8CAB-4A70D3135A9F}.Debug|x64.ActiveCfg = Debug|x64
		{BB47DB00-BB49-41E9-8CAB-4A70D3135A9F}.Debug|x64.Build.0 = Debug|x64
		{BB47DB00-BB49-41E9-8CAB-4A70D3135A9F}.Debug|x86.ActiveCfg = Debug|Win32
		{BB47DB00-BB49-41E9-8CAB-4A70D3135A9F}.Debug|x86.Build.0 = Debug|Win32
		{BB47DB00-BB49-41E9-8CAB-4A70D3135A9F}.Release|x64.ActiveCfg = Release|x64
		{BB47DB00-BB49-41E9-8CAB-4A70D3135A9F}.Release|x64.Build.0 = Release|x64
		{BB47DB00-BB49-41E9-8CAB-4A70D3135A9F}.Release|x86.ActiveCfg = Release|Win32
		{BB47DB00-BB49-41E9-8CAB-4A70D3135A9F}.Release|x86.Build.0 = Release|Win32
		{64ABBDD7-B2A1-42EC-BD46-25C655C24C21}.Debug|x64.ActiveCfg = Debug|x64
		{64ABBDD7-B2A1-42EC-BD46-25C655C24C21}.Debug|x64.Build.0 = Debug|x64
		{64ABBDD7-B2A1-42EC-BD46-25C655C24C21}.Debug|x86.ActiveCfg = Debug|Win32
		{64ABBDD7-B2A1-42EC-BD46-25C655C24C21}.Debug|x86.Build.0 = Debug|Win32
		{64ABBDD7-B2A1-42EC-BD46-25C655C24C21}.Release|x64.ActiveCfg = Release|x64
		{64ABBDD7-B2A1-42EC-BD46-25C655C24C21}.Release|x64.Build.0 = Release|x64
		{64ABBDD7-B2A1-42EC-BD46-25C655C24C21}.Release|x86.ActiveCfg = Release|Win32
		{64ABBDD7-B2A1-42EC-BD46-25C655C24C21}.Release|x86.Build.0 = Release|Win32
		{17F42D80-6BB4-4995-B031-922EF4B901ED}.Debug|x64.ActiveCfg = Debug|x64
		{17F42D80-6BB4-4995-B031-922EF4B901ED}.Debug|x64.Build.0 = Debug|x64
		{17F42D80-6BB4-4995-B031-922EF4B901ED}.Debug|x86.ActiveCfg = Debug|Win32
		{17F42D80-6BB4-4995-B031-922EF4B901ED}.Debug|x86.Build.0 = Debug|Win32
		{17F42D80-6BB4-4995-B031-922EF4B901ED}.Release|x64.ActiveCfg = Release|x64
		{17F42D80-6BB4-4995-B031-922EF4B901ED}.Release|x64.Build.0 = Release|x64
		{17F42D80-6BB4-4995-B031-922EF4B901ED}.Release|x86.ActiveCfg = Release|Win32
		{17F42D80-6BB4-4995-B031-922EF4B901ED}.Release|x86.Build.0 = Release|Win32
		{4DBE2E0E-BC27-4BCD-8698-3A2BC2737134}.Debug|x64.ActiveCfg = Debug|x64
		{4DBE2E0E-BC27-4BCD-8698-3A2BC2737134}.Debug|x64.Build.0 = Debug|x64
		{4DBE2E0E-BC27-4BCD-8698-3A2BC2737134}.Debug|x86.ActiveCfg = Debug|Win32
		{4DBE2E0E-BC27-4BCD-8698-3A2BC2737134}.Debug|x86.Build.0 = Debug|Win32
		{4DBE2E0E-BC27-4BCD-8698-3A2BC2737134}.Release|x64.ActiveCfg = Release|x64
		{4DBE2E0E-BC27-4BCD-8698-3A2BC2737134}.Release|x64.Build.0 = Release|x64
		{4DBE2E0E-BC27-4BCD-8698-3A2BC2737134}.Release|x86.ActiveCfg = Release|Win32
		{4DBE2E0E-BC27-4BCD-8698-3A2BC2737134}.Release|x86.Build.0 = Release|Win32
		{BEF50C14-7EE0-419E-AE4B-53FCB3323358}.Debug|x64.ActiveCfg = Debug|x64
		{BEF50C14-7EE0-419E-AE4B-53FCB3323358}.Debug|x64.Build.0 = Debug|x64
		{BEF50C14-7EE0-419E-AE4B-53FCB3323358}.Debug|x86.ActiveCfg = Debug|Win32
		{BEF50C14-7EE0-419E-AE4B-53FCB3323358}.Debug|x86.Build.0 = Debug|Win32
		{BEF50C14-7EE0-419E-AE4B-53FCB3323358}.Release|x64.ActiveCfg = Release|x64
		{BEF50C14-7EE0-419E-AE4B-53FCB3323358}.Release|x64.Build.0 = Release|x64
		{BEF50C14-7EE0-419E-AE4B-53FCB3323358}.Release|x86.ActiveCfg = Release|Win32
		{BEF50C14-7EE0-419E-AE4B-53FCB3323358}.Release|x86.Build.0 = Release|Win32
		{C323B0CF-3777-4E18-AE04-AF7D41EF4D1C}.Debug|x64.ActiveCfg = Debug|x64
		{C323B0CF-3777-4E18-AE04-AF7D41EF4D1C}.Debug|x64.Build.0 = Debug|x64
		{C323B0CF-3777-4E18-AE04-AF7D41EF4D1C}.Debug|x86.ActiveCfg = Debug|Win32
		{C323B0CF-3777-4E18-AE04-AF7D41EF4D1C}.Debug|x86.Build.0 = Debug|Win32
		{C323B0CF-3777-4E18-AE04-AF7D41EF4D1C}.Release|x64.ActiveCfg = Release|x64
		{C323B0CF-3777-4E18-AE04-AF7D41EF4D1C}.Release|x64.Build.0 = Release|x64
		{C323B0CF-3777-4E18-AE04-AF7D41EF4D1C}.Release|x86.ActiveCfg = Release|Win32
		{C323B0CF-3777-4E18-AE04-AF7D41EF4D1C}.Release|x86.Build.0 = Release|Win32
		{1F6BDCE0-94A3-4686-BB3C-C25959402C21}.Debug|x64.ActiveCfg = Debug|x64
		{1F6BDCE0-94A3-4686-BB3C-C25959402C21}.Debug|x64.Build.0 = Debug|x64
		{1F6BDCE0-94A3-4686-BB3C-C25959402C21}.Debug|x86.ActiveCfg = Debug|Win32
		{1F6BDCE0-94A3-4686-BB3C-C25959402C21}.Debug|x86.Build.0 = Debug|Win32
		{1F6BDCE0-94A3-4686-BB3C-C25959402C21}.Release|x64.ActiveCfg = Release|x64
		{1F6BDCE0-94A3-4686-BB3C-C25959402C21}.Release|x64.Build.0 = Release|x64
		{1F6BDCE0-94A3-4686-BB3C-C25959402C21}.Release|x86.ActiveCfg = Release|Win32
		{1F6BDCE0-94A3-4686-BB3C-C25959402C21}.Release|x86.Build.0 = Release|Win32
		{C1D1A749-25EC-4113-8D38-2882705405A8}.Debug|x64.ActiveCfg = Debug|x64
		{C1D1A749-25EC-4113-8D38-2882705405A8}.Debug|x64.Build.0 = Debug|x64
		{C1D1A749-25EC-4113-8D38-2882705405A8}.Debug|x86.ActiveCfg = Debug|Win32
		{C1D1A749-25EC-4113-8D38-2882705405A8}.Debug|x86.Build.0 = Debug|Win32
		{C1D1A749-25EC-4113-8D38-2882705405A8}.Release|x64.ActiveCfg = Release|x64
		{C1D1A749-25EC-4113-8D38-2882705405A8}.Release|x64.Build.0 = Release|x64
		{C1D1A749-25EC-4113-8D38-2882705405A8}.Release|x86.ActiveCfg = Release|Win32
		{C1D1A749-25EC-4113-8D38-2882705405A8}.Release|x86.Build.0 = Release|Win32
		{A57315FF-05A7-4E9E-8794-13C295D13A9C}.Debug|x64.ActiveCfg = Debug|x64
		{A57315FF-05A7-4E9E-8794-13C295D13A9C}.Debug|x64.Build.0 = Debug|x64
		{A57315FF-05A7-4E9E-8794-13C295D13A9C}.Debug|x86.ActiveCfg = Debug|Win32
		{A57315FF-05A7-4E9E-8794-13C295D13A9C}.Debug|x86.Build.0 = Debug|Win32
		{A57315FF-05A7-4E9E-8794-13C295D13A9C}.Release|x64.ActiveCfg = Release|x64
		{A57315FF-05A7-4E9E-8794-13C295D13A9C}.Release|x64.Build.0 = Release|x64
		{A57315FF-05A7-4E9E-8794-13C295D13A9C}.Release|x86.ActiveCfg = Release|Win32
		{A57315FF-05A7-4E9E-8794-13C295D13A9C}.Release|x86.Build.0 = Release|Win32
		{AF11B597-06E3-4019-A235-521A96D5F0A5}.Debug|x64.ActiveCfg = Debug|x64
		{AF11B597-06E3-4019-A235-521A96D5F0A5}.Debug|x64.Build.0 = Debug|x64
		{AF11B597-06E3-4019-A235-521A96D5F0A5}.Debug|x86.ActiveCfg = Debug|Win32
		{AF11B597-06E3-4019-A235-521A96D5F0A5}.Debug|x86.Build.0 = Debug|Win32
		{AF11B597-06E3-4019-A235-521A96D5F0A5}.Release|x64.ActiveCfg = Release|x64
		{AF11B597-06E3-4019-A235-521A96D5F0A5}.Release|x64.Build.0 = Release|x64
		{AF11B597-06E3-4019-A235-521A96D5F0A5}.Release|x86.ActiveCfg = Release|Win32
		{AF11B597-06E3-4019-A235-521A96D5F0A5}.Release|x86.Build.0 = Release|Win32
		{92D8339E-8F2C-4067-8DF3-7D3483433749}.Debug|x64.ActiveCfg = Debug|x64
		{92D8339E-8F2C-4067-8DF3-7D3483433749}.Debug|x64.Build.0 = Debug|x64
		{92D8339E-8F2C-4067-8DF3-7D3483433749}.Debug|x86.ActiveCfg = Debug|Win32
		{92D8339E-8F2C-4067-8DF3-7D3483433749}.Debug|x86.Build.0 = Debug|Win32
		{92D8339E-8F2C-4067-8DF3-7D3483433749}.Release|x64.ActiveCfg = Release|x64
		{92D8339E-8F2C-4067-8DF3-7D3483433749}.Release|x64.Build.0 = Release|x64
		{92D8339E-8F2C-4067-8DF3-7D3483433749}.Release|x86.ActiveCfg = Release|Win32
		{92D8339E-8F2C-4067-8DF3-7D3483433749}.Release|x86.Build.0 = Release|Win32
		{7F4558EF-ED12-449A-B253-53598918A675}.Debug|x64.ActiveCfg = Debug|x64
		{7F4558EF-ED12-449A-B253-53598918A675}.Debug|x64.Build.0 = Debug|x64
		{7F4558EF-ED12-449A-B253-53598918A675}.Debug|x86.ActiveCfg = Debug|Win32
		{7F4558EF-ED12-449A-B253-53598918A675}.Debug|x86.Build.0 = Debug|Win32
		{7F4558EF-ED12-449A-B253-53598918A675}.Release|x64.ActiveCfg = Release|x64
		{7F4558EF-ED12-449A-B253-53598918A675}.Release|x64.Build.0 = Release|x64
		{7F4558EF-ED12-449A-B253-53598918A675}.Release|x86.ActiveCfg = Release|Win32
		{7F4558EF-ED12-449A-B253-53598918A675}.Release|x86.Build.0 = Release|Win32
		{37A05DED-3B52-4FD4-AF78-DB1A63F779FB}.Debug|x64.ActiveCfg = Debug|x64
		{37A05DED-3B52-4FD4-AF78-DB1A63F779FB}.Debug|x64.Build.0 = Debug|x64
		{37A05DED-3B52-4FD4-AF78-DB1A63F779FB}.Debug|x86.ActiveCfg = Debug|Win32
		{37A05DED-3B52-4FD4-AF78-DB1A63F779FB}.Debug|x86.Build.0 = Debug|Win32
		{37A05DED-3B52-4FD4-AF78-DB1A63F779FB}.Release|x64.ActiveCfg = Release|x64
		{37A05DED-3B52-4FD4-AF78-DB1A63F779FB}.Release|x64.Build.0 = Release|x64
		{37A05DED-3B52-4FD4-AF78-DB1A63F779FB}.Release|x86.ActiveCfg = Release|Win32
		{37A05DED-3B52-4FD4-AF78-DB1A63F779FB}.Release|x86.Build.0 = Release|Win32
		{5A6651D6-D1B7-4860-829D-01BC14E74BFD}.Debug|x64.ActiveCfg = Debug|x64
		{5A6651D6-D1B7-4860-829D-01BC14E74BFD}.Debug|x64.Build.0 = Debug|x64
		{5A6651D6-D1B7-4860-829D-01BC14E74BFD}.Debug|x86.ActiveCfg = Debug|Win32
		{5A6651D6-D1B7-4860-829D-01BC14E74BFD}.Debug|x86.Build.0 = Debug|Win32
		{5A6651D6-D1B7-4860-829D-01BC14E74BFD}.Release|x64.ActiveCfg = Release|x64
		{5A6651D6-D1B7-4860-829D-01BC14E74BFD}.Release|x64.Build.0 = Release|x64
		{5A6651D6-D1B7-4860-829D-01BC14E74BFD}.Release|x86.ActiveCfg = Release|Win32
		{5A6651D6-D1B7-4860-829D-01BC14E74BFD}.Release|x86.Build.0 = Release|Win32
		{39380B3E-2F98-49C1-ACB1-E8C959069A7D}.Debug|x64.ActiveCfg = Debug|x64
		{39380B3E-2F98-49C1-ACB1-E8C959069A7D}.Debug|x64.Build.0 = Debug|x64
		{39380B3E-2F98-49C1-ACB1-E8C959069A7D}.Debug|x86.ActiveCfg = Debug|Win32
		{39380B3E-2F98-49C1-ACB1-E8C959069A7D}.Debug|x86.Build.0 = Debug|Win32
		{39380B3E-2F98-49C1-ACB1-E8C959069A7D}.Release|x64.ActiveCfg = Release|x64
		{39380B3E-2F98-49C1-ACB1-E8C959069A7D}.Release|x64.Build.0 = Release|x64
		{39380B3E-2F98-49C1-ACB1-E8C959069A7D}.Release|x86.ActiveCfg = Release|Win32
		{39380B3E-2F98-49C1-ACB1-E8C959069A7D}.Release|x86.Build.0 = Release|Win32
		{A472DA6F-90C5-4D8E-AD05-393A05A27D6D}.Debug|x64.ActiveCfg = Debug|x64
		{A472DA6F-90C5-4D8E-AD05-393A05A27D6D}.Debug|x64.Build.0 = Debug|x64
		{A472DA6F-90C5-4D8E-AD05-393A05A27D6D}.Debug|x86.ActiveCfg = Debug|Win32
		{A472DA6F-90C5-4D8E-AD05-393A05A27D6D}.Debug|x86.Build.0 = Debug|Win32
		{A472DA6F-90C5-4D8E-AD05-393A05A27D6D}.Release|x64.ActiveCfg = Release|x64
		{A472DA6F-90C5-4D8E-AD05-393A05A27D6D}.Release|x64.Build.0 = Release|x64
		{A472DA6F-90C5-4D8E-AD05-393A05A27D6D}.Release|x86.ActiveCfg = Release|Win32
		{A472DA6F-90C5-4D8E-AD05-393A05A27D6D}.Release|x86.Build.0 = Release|Win32
		{B3EEBE37-E19A-4848-8E1F-44513578F59D}.Debug|x64.ActiveCfg = Debug|x64
		{B3EEBE37-E19A-4848-8E1F-44513578F59D}.Debug|x64.Build.0 = Debug|x64
		{B3EEBE37-E19A-4848-8E1F-44513578F59D}.Debug|x86.ActiveCfg = Debug|Win32
		{B3EEBE37-E19A-4848-8E1F-44513578F59D}.Debug|x86.Build.0 = Debug|Win32
		{B3EEBE37-E19A-4848-8E1F-44513578F59D}.Release|x64.ActiveCfg = Release|x64
		{B3EEBE37-E19A-4848-8E1F-44513578F59D}.Release|x64.Build.0 = Release|x64
		{B3EEBE37-E19A-4848-8E1F-44513578F59D}.Release|x86.ActiveCfg = Release|Win32
		{B3EEBE37-E19A-4848-8E1F-44513578F59D}.Release|x86.Build.0 = Release|Win32
		{FED30DE4-9283-46CF-888D-7B05D22B29DD}.Debug|x64.ActiveCfg = Debug|x64
		{FED30DE4-9283-46CF-888D-7B05D22B29DD}.Debug|x64.Build.0 = Debug|x64
		{FED30DE4-9283-46CF-888D-7B05D22B29DD}.Debug|x86.ActiveCfg = Debug|Win32
		{FED30DE4-9283-46CF-888D-7B05D22B29DD}.Debug|x86.Build.0 = Debug|Win32
		{FED30DE4-9283-46CF-888D-7B05D22B29DD}.Release|x64.ActiveCfg = Release|x64
		{FED30DE4-9283-46CF-888D-7B05D22B29DD}.Release|x64.Build.0 = Release|x64
		{FED30DE4-9283-46CF-888D-7B05D22B29DD}.Release|x86.ActiveCfg = Release|Win32
		{FED30DE4-9283-46CF-888D-7B05D22B29DD}.Release|x86.Build.0 = Release|Win32
		{6FBD5090-51F8-4027-81D6-915BFFEC45B1}.Debug|x64.ActiveCfg = Debug|x64
		{6FBD5090-51F8-4027-81D6-915BFFEC45B1}.Debug|x64.Build.0 = Debug|x64
		{6FBD5090-51F8-4027-81D6-915BFFEC45B1}.Debug|x86.ActiveCfg = Debug|Win32
		{6FBD5090-51F8-4027-81D6-915BFFEC45B1}.Debug|x86.Build.0 = Debug|Win32
		{6FBD5090-51F8-4027-81D6-915BFFEC45B1}.Release|x64.ActiveCfg = Release|x64
		{6FBD5090-51F8-4027-81D6-915BFFEC45B1}.Release|x64.Build.0 = Release|x64
		{6FBD5090-51F8-4027-81D6-915BFFEC45B1}.Release|x86.ActiveCfg = Release|Win32
		{6FBD5090-51F8-4027-81D6-915BFFEC45B1}.Release|x86.Build.0 = Release|Win32
		{BA996C63-8332-4B0B-A2BF-A5D513238104}.Debug|x64.ActiveCfg = Debug|x64
		{BA996C63-8332-4B0B-A2BF-A5D513238104}.Debug|x64.Build.0 = Debug|x64
		{BA996C63-8332-4B0B-A2BF-A5D513238104}.Debug|x86.ActiveCfg = Debug|Win32
		{BA996C63-8332-4B0B-A2BF-A5D513238104}.Debug|x86.Build.0 = Debug|Win32
		{BA996C63-8332-4B0B-A2BF-A5D513238104}.Release|x64.ActiveCfg = Release|x64
		{BA996C63-8332-4B0B-A2BF-A5D513238104}.Release|x64.Build.0 = Release|x64
		{BA996C63-8332-4B0B-A2BF-A5D513238104}.Release|x86.ActiveCfg = Release|Win32
		{BA996C63-8332-4B0B-A2BF-A5D513238104}.Release|x86.Build.0 = Release|Win32
		{8F4FAE05-7140-4B55-B4E9-DB222A710265}.Debug|x64.ActiveCfg = Debug|x64
		{8F4FAE05-7140-4B55-B4E9-DB222A710265}.Debug|x64.Build.0 = Debug|x64
		{8F4FAE05-7140-4B55-B4E9-DB222A710265}.Debug|x86.ActiveCfg = Debug|Win32
		{8F4FAE05-7140-4B55-B4E9-DB222A710265}.Debug|x86.Build.0 = Debug|Win32
		{8F4FAE05-7140-4B55-B4E9-DB222A710265}.Release|x64.ActiveCfg = Release|x64
		{8F4FAE05-7140-4B55-B4E9-DB222A710265}.Release|x64.Build.0 = Release|x64
		{8F4FAE05-7140-4B55-B4E9-DB222A710265}.Release|x86.ActiveCfg = Release|Win32
		{8F4FAE05-7140-4B55-B4E9-DB222A710265}.Release|x86.Build.0 = Release|Win32
		{C160AB2C-13D9-400A-BD0E-337C2297B32D}.Debug|x64.ActiveCfg = Debug|x64
		{C160AB2C-13D9-400A-BD0E-337C2297B32D}.Debug|x64.Build.0 = Debug|x64
		{C160AB2C-13D9-400A-BD0E-337C2297B32D}.Debug|x86.ActiveCfg = Debug|Win32
		{C160AB2C-13D9-400A-BD0E-337C2297B32D}.Debug|x86.Build.0 = Debug|Win32
		{C160AB2C-13D9-400A-BD0E-337C2297B32D}.Release|x64.ActiveCfg = Release|x64
		{C160AB2C-13D9-400A-BD0E-337C2297B32D}.Release|x64.Build.0 = Release|x64
		{C160AB2C-13D9-400A-BD0E-337C2297B32D}.Release|x86.ActiveCfg = Release|Win32
		{C160AB2C-13D9-400A-BD0E-337C2297B32D}.Release|x86.Build.0 = Release|Win32
	EndGlobalSection
	GlobalSection(SolutionProperties) = preSolution
		HideSolutionNode = FALSE
	EndGlobalSection
	GlobalSection(ExtensibilityGlobals) = postSolution
		SolutionGuid = {00DA7A9D-AA04-4417-93EB-ABAAA1134161}
	EndGlobalSection
EndGlobal
